
Microsoft Visual Studio Solution File, Format Version 12.00
# Visual Studio 15
VisualStudioVersion = 15.0.27004.2008
MinimumVisualStudioVersion = 10.0.40219.1
Project("{FAE04EC0-301F-11D3-BF4B-00C04F79EFBC}") = "SportsStore.Domain", "SportsStore.Domain\SportsStore.Domain.csproj", "{6EBC14AD-E357-4C94-B408-E7186643CA80}"
EndProject
Project("{FAE04EC0-301F-11D3-BF4B-00C04F79EFBC}") = "SportsStore.WebUI", "SportsStore.WebUI\SportsStore.WebUI.csproj", "{69F985B4-89FD-4317-9F16-16859A3D539F}"
EndProject
Project("{FAE04EC0-301F-11D3-BF4B-00C04F79EFBC}") = "SportsStore.UnitTests", "SportsStore.UnitTests\SportsStore.UnitTests.csproj", "{0B35C8B8-24B3-4046-94FB-EEE37E354374}"
EndProject
Global
	GlobalSection(SolutionConfigurationPlatforms) = preSolution
		Debug|Any CPU = Debug|Any CPU
		Release|Any CPU = Release|Any CPU
	EndGlobalSection
	GlobalSection(ProjectConfigurationPlatforms) = postSolution
		{6EBC14AD-E357-4C94-B408-E7186643CA80}.Debug|Any CPU.ActiveCfg = Debug|Any CPU
		{6EBC14AD-E357-4C94-B408-E7186643CA80}.Debug|Any CPU.Build.0 = Debug|Any CPU
		{6EBC14AD-E357-4C94-B408-E7186643CA80}.Release|Any CPU.ActiveCfg = Release|Any CPU
		{6EBC14AD-E357-4C94-B408-E7186643CA80}.Release|Any CPU.Build.0 = Release|Any CPU
		{69F985B4-89FD-4317-9F16-16859A3D539F}.Debug|Any CPU.ActiveCfg = Debug|Any CPU
		{69F985B4-89FD-4317-9F16-16859A3D539F}.Debug|Any CPU.Build.0 = Debug|Any CPU
		{69F985B4-89FD-4317-9F16-16859A3D539F}.Release|Any CPU.ActiveCfg = Release|Any CPU
		{69F985B4-89FD-4317-9F16-16859A3D539F}.Release|Any CPU.Build.0 = Release|Any CPU
		{0B35C8B8-24B3-4046-94FB-EEE37E354374}.Debug|Any CPU.ActiveCfg = Debug|Any CPU
		{0B35C8B8-24B3-4046-94FB-EEE37E354374}.Debug|Any CPU.Build.0 = Debug|Any CPU
		{0B35C8B8-24B3-4046-94FB-EEE37E354374}.Release|Any CPU.ActiveCfg = Release|Any CPU
		{0B35C8B8-24B3-4046-94FB-EEE37E354374}.Release|Any CPU.Build.0 = Release|Any CPU
	EndGlobalSection
	GlobalSection(SolutionProperties) = preSolution
		HideSolutionNode = FALSE
	EndGlobalSection
	GlobalSection(ExtensibilityGlobals) = postSolution
		SolutionGuid = {3B3CE331-91EA-4863-B606-6CBE1E0D762C}
	EndGlobalSection
EndGlobal
